
Microsoft Visual Studio Solution File, Format Version 12.00
# Visual Studio Version 17
VisualStudioVersion = 17.11.35327.3
MinimumVisualStudioVersion = 10.0.40219.1
Project("{FAE04EC0-301F-11D3-BF4B-00C04F79EFBC}") = "Inlämning 3", "Inlämning 3.csproj", "{C6ACA14F-9164-4C9A-913B-D8CC9F0EBC8E}"
EndProject
Global
	GlobalSection(SolutionConfigurationPlatforms) = preSolution
		Debug|Any CPU = Debug|Any CPU
		Release|Any CPU = Release|Any CPU
	EndGlobalSection
	GlobalSection(ProjectConfigurationPlatforms) = postSolution
		{C6ACA14F-9164-4C9A-913B-D8CC9F0EBC8E}.Debug|Any CPU.ActiveCfg = Debug|Any CPU
		{C6ACA14F-9164-4C9A-913B-D8CC9F0EBC8E}.Debug|Any CPU.Build.0 = Debug|Any CPU
		{C6ACA14F-9164-4C9A-913B-D8CC9F0EBC8E}.Release|Any CPU.ActiveCfg = Release|Any CPU
		{C6ACA14F-9164-4C9A-913B-D8CC9F0EBC8E}.Release|Any CPU.Build.0 = Release|Any CPU
	EndGlobalSection
	GlobalSection(SolutionProperties) = preSolution
		HideSolutionNode = FALSE
	EndGlobalSection
	GlobalSection(ExtensibilityGlobals) = postSolution
		SolutionGuid = {0205419F-E10B-4E42-82A4-54556BA4BB8D}
	EndGlobalSection
EndGlobal
